
Microsoft Visual Studio Solution File, Format Version 12.00
# Visual Studio 2013
VisualStudioVersion = 12.0.40629.0
MinimumVisualStudioVersion = 10.0.40219.1
Project("{FAE04EC0-301F-11D3-BF4B-00C04F79EFBC}") = "SepediaMVC", "SepediaMVC\SepediaMVC.csproj", "{3C4985C9-B201-43C1-B33A-66DF0DF5C0FF}"
EndProject
Global
	GlobalSection(SolutionConfigurationPlatforms) = preSolution
		Debug|Any CPU = Debug|Any CPU
		Release|Any CPU = Release|Any CPU
	EndGlobalSection
	GlobalSection(ProjectConfigurationPlatforms) = postSolution
		{3C4985C9-B201-43C1-B33A-66DF0DF5C0FF}.Debug|Any CPU.ActiveCfg = Debug|Any CPU
		{3C4985C9-B201-43C1-B33A-66DF0DF5C0FF}.Debug|Any CPU.Build.0 = Debug|Any CPU
		{3C4985C9-B201-43C1-B33A-66DF0DF5C0FF}.Release|Any CPU.ActiveCfg = Release|Any CPU
		{3C4985C9-B201-43C1-B33A-66DF0DF5C0FF}.Release|Any CPU.Build.0 = Release|Any CPU
	EndGlobalSection
	GlobalSection(SolutionProperties) = preSolution
		HideSolutionNode = FALSE
	EndGlobalSection
EndGlobal
